
Microsoft Visual Studio Solution File, Format Version 12.00
# Visual Studio Version 17
VisualStudioVersion = 17.10.35027.167
MinimumVisualStudioVersion = 10.0.40219.1
Project("{FAE04EC0-301F-11D3-BF4B-00C04F79EFBC}") = "WebApplication3", "WebApplication3\WebApplication3.csproj", "{690DECCC-654F-4B21-B118-F8A3A7D3AAA8}"
EndProject
Global
	GlobalSection(SolutionConfigurationPlatforms) = preSolution
		Debug|Any CPU = Debug|Any CPU
		Release|Any CPU = Release|Any CPU
	EndGlobalSection
	GlobalSection(ProjectConfigurationPlatforms) = postSolution
		{690DECCC-654F-4B21-B118-F8A3A7D3AAA8}.Debug|Any CPU.ActiveCfg = Debug|Any CPU
		{690DECCC-654F-4B21-B118-F8A3A7D3AAA8}.Debug|Any CPU.Build.0 = Debug|Any CPU
		{690DECCC-654F-4B21-B118-F8A3A7D3AAA8}.Release|Any CPU.ActiveCfg = Release|Any CPU
		{690DECCC-654F-4B21-B118-F8A3A7D3AAA8}.Release|Any CPU.Build.0 = Release|Any CPU
	EndGlobalSection
	GlobalSection(SolutionProperties) = preSolution
		HideSolutionNode = FALSE
	EndGlobalSection
	GlobalSection(ExtensibilityGlobals) = postSolution
		SolutionGuid = {4301B963-27C0-406D-B8FC-17B77A104D95}
	EndGlobalSection
EndGlobal
